
Microsoft Visual Studio Solution File, Format Version 12.00
# Visual Studio Version 16
VisualStudioVersion = 16.0.34601.136
MinimumVisualStudioVersion = 10.0.40219.1
Project("{FAE04EC0-301F-11D3-BF4B-00C04F79EFBC}") = "Web-Masters_IFS313E_Total-Transformation", "Web-Masters_IFS313E_Total-Transformation.csproj", "{6E8EB2CB-C336-4355-9243-3DD2F520A28E}"
EndProject
Global
	GlobalSection(SolutionConfigurationPlatforms) = preSolution
		Debug|Any CPU = Debug|Any CPU
		Release|Any CPU = Release|Any CPU
	EndGlobalSection
	GlobalSection(ProjectConfigurationPlatforms) = postSolution
		{6E8EB2CB-C336-4355-9243-3DD2F520A28E}.Debug|Any CPU.ActiveCfg = Debug|Any CPU
		{6E8EB2CB-C336-4355-9243-3DD2F520A28E}.Debug|Any CPU.Build.0 = Debug|Any CPU
		{6E8EB2CB-C336-4355-9243-3DD2F520A28E}.Release|Any CPU.ActiveCfg = Release|Any CPU
		{6E8EB2CB-C336-4355-9243-3DD2F520A28E}.Release|Any CPU.Build.0 = Release|Any CPU
	EndGlobalSection
	GlobalSection(SolutionProperties) = preSolution
		HideSolutionNode = FALSE
	EndGlobalSection
	GlobalSection(ExtensibilityGlobals) = postSolution
		SolutionGuid = {11AFC79E-0AB7-48F7-ACCF-604A5C8A4DB0}
	EndGlobalSection
EndGlobal
